
Microsoft Visual Studio Solution File, Format Version 12.00
Project("{FAE04EC0-301F-11D3-BF4B-00C04F79EFBC}") = "LinearProgramming", "LinearProgramming\LinearProgramming.csproj", "{1F91A0D2-1CB8-4B61-9A2D-B6C2ABD53C9D}"
EndProject
Project("{FAE04EC0-301F-11D3-BF4B-00C04F79EFBC}") = "TransportTask", "TransportTask\TransportTask.csproj", "{D79CF217-AC38-49CE-A3B4-C68D59D1AA37}"
EndProject
Project("{FAE04EC0-301F-11D3-BF4B-00C04F79EFBC}") = "View", "View\View.csproj", "{1C5B7C3C-B2EA-4B6D-8CB8-185C2AA19AB9}"
EndProject
Global
	GlobalSection(SolutionConfigurationPlatforms) = preSolution
		Debug|Any CPU = Debug|Any CPU
		Release|Any CPU = Release|Any CPU
	EndGlobalSection
	GlobalSection(ProjectConfigurationPlatforms) = postSolution
		{1F91A0D2-1CB8-4B61-9A2D-B6C2ABD53C9D}.Debug|Any CPU.ActiveCfg = Debug|Any CPU
		{1F91A0D2-1CB8-4B61-9A2D-B6C2ABD53C9D}.Debug|Any CPU.Build.0 = Debug|Any CPU
		{1F91A0D2-1CB8-4B61-9A2D-B6C2ABD53C9D}.Release|Any CPU.ActiveCfg = Release|Any CPU
		{1F91A0D2-1CB8-4B61-9A2D-B6C2ABD53C9D}.Release|Any CPU.Build.0 = Release|Any CPU
		{D79CF217-AC38-49CE-A3B4-C68D59D1AA37}.Debug|Any CPU.ActiveCfg = Debug|Any CPU
		{D79CF217-AC38-49CE-A3B4-C68D59D1AA37}.Debug|Any CPU.Build.0 = Debug|Any CPU
		{D79CF217-AC38-49CE-A3B4-C68D59D1AA37}.Release|Any CPU.ActiveCfg = Release|Any CPU
		{D79CF217-AC38-49CE-A3B4-C68D59D1AA37}.Release|Any CPU.Build.0 = Release|Any CPU
		{1C5B7C3C-B2EA-4B6D-8CB8-185C2AA19AB9}.Debug|Any CPU.ActiveCfg = Debug|Any CPU
		{1C5B7C3C-B2EA-4B6D-8CB8-185C2AA19AB9}.Debug|Any CPU.Build.0 = Debug|Any CPU
		{1C5B7C3C-B2EA-4B6D-8CB8-185C2AA19AB9}.Release|Any CPU.ActiveCfg = Release|Any CPU
		{1C5B7C3C-B2EA-4B6D-8CB8-185C2AA19AB9}.Release|Any CPU.Build.0 = Release|Any CPU
	EndGlobalSection
EndGlobal
